
Microsoft Visual Studio Solution File, Format Version 12.00
# Visual Studio 15
VisualStudioVersion = 15.0.27428.2043
MinimumVisualStudioVersion = 10.0.40219.1
Project("{FAE04EC0-301F-11D3-BF4B-00C04F79EFBC}") = "DevMeet", "DevMeet\DevMeet.csproj", "{12C8F72D-1702-4EC6-BE36-39C962C20427}"
EndProject
Global
	GlobalSection(SolutionConfigurationPlatforms) = preSolution
		Debug|Any CPU = Debug|Any CPU
		Release|Any CPU = Release|Any CPU
	EndGlobalSection
	GlobalSection(ProjectConfigurationPlatforms) = postSolution
		{12C8F72D-1702-4EC6-BE36-39C962C20427}.Debug|Any CPU.ActiveCfg = Debug|Any CPU
		{12C8F72D-1702-4EC6-BE36-39C962C20427}.Debug|Any CPU.Build.0 = Debug|Any CPU
		{12C8F72D-1702-4EC6-BE36-39C962C20427}.Release|Any CPU.ActiveCfg = Release|Any CPU
		{12C8F72D-1702-4EC6-BE36-39C962C20427}.Release|Any CPU.Build.0 = Release|Any CPU
	EndGlobalSection
	GlobalSection(SolutionProperties) = preSolution
		HideSolutionNode = FALSE
	EndGlobalSection
	GlobalSection(ExtensibilityGlobals) = postSolution
		SolutionGuid = {8FD65F48-90D8-43FB-9C99-0EA9BAF387BA}
	EndGlobalSection
EndGlobal
