
Microsoft Visual Studio Solution File, Format Version 12.00
# Visual Studio Version 16
VisualStudioVersion = 16.0.30204.135
MinimumVisualStudioVersion = 10.0.40219.1
Project("{FAE04EC0-301F-11D3-BF4B-00C04F79EFBC}") = "DevMeet", "DevMeet\DevMeet.csproj", "{0DC59B28-02F4-4A4D-AD65-1F208C0700B7}"
EndProject
Project("{FAE04EC0-301F-11D3-BF4B-00C04F79EFBC}") = "DevMeetData", "DevMeetData\DevMeetData.csproj", "{21280DC5-51D7-4432-B09A-2FA6FDC549D2}"
EndProject
Global
	GlobalSection(SolutionConfigurationPlatforms) = preSolution
		Debug|Any CPU = Debug|Any CPU
		Release|Any CPU = Release|Any CPU
	EndGlobalSection
	GlobalSection(ProjectConfigurationPlatforms) = postSolution
		{0DC59B28-02F4-4A4D-AD65-1F208C0700B7}.Debug|Any CPU.ActiveCfg = Debug|Any CPU
		{0DC59B28-02F4-4A4D-AD65-1F208C0700B7}.Debug|Any CPU.Build.0 = Debug|Any CPU
		{0DC59B28-02F4-4A4D-AD65-1F208C0700B7}.Release|Any CPU.ActiveCfg = Release|Any CPU
		{0DC59B28-02F4-4A4D-AD65-1F208C0700B7}.Release|Any CPU.Build.0 = Release|Any CPU
		{21280DC5-51D7-4432-B09A-2FA6FDC549D2}.Debug|Any CPU.ActiveCfg = Debug|Any CPU
		{21280DC5-51D7-4432-B09A-2FA6FDC549D2}.Debug|Any CPU.Build.0 = Debug|Any CPU
		{21280DC5-51D7-4432-B09A-2FA6FDC549D2}.Release|Any CPU.ActiveCfg = Release|Any CPU
		{21280DC5-51D7-4432-B09A-2FA6FDC549D2}.Release|Any CPU.Build.0 = Release|Any CPU
	EndGlobalSection
	GlobalSection(SolutionProperties) = preSolution
		HideSolutionNode = FALSE
	EndGlobalSection
	GlobalSection(ExtensibilityGlobals) = postSolution
		SolutionGuid = {8E2D2598-AA62-4643-A9E5-C2F3A8F54F9D}
	EndGlobalSection
EndGlobal
